
Microsoft Visual Studio Solution File, Format Version 12.00
# Visual Studio Version 16
VisualStudioVersion = 16.0.29905.134
MinimumVisualStudioVersion = 10.0.40219.1
Project("{FAE04EC0-301F-11D3-BF4B-00C04F79EFBC}") = "ReservEatLogin", "ReservEatLogin\ReservEatLogin.csproj", "{BDB1AAF3-B290-4890-ADD6-535D16F62B3C}"
EndProject
Global
	GlobalSection(SolutionConfigurationPlatforms) = preSolution
		Debug|Any CPU = Debug|Any CPU
		Release|Any CPU = Release|Any CPU
	EndGlobalSection
	GlobalSection(ProjectConfigurationPlatforms) = postSolution
		{BDB1AAF3-B290-4890-ADD6-535D16F62B3C}.Debug|Any CPU.ActiveCfg = Debug|Any CPU
		{BDB1AAF3-B290-4890-ADD6-535D16F62B3C}.Debug|Any CPU.Build.0 = Debug|Any CPU
		{BDB1AAF3-B290-4890-ADD6-535D16F62B3C}.Release|Any CPU.ActiveCfg = Release|Any CPU
		{BDB1AAF3-B290-4890-ADD6-535D16F62B3C}.Release|Any CPU.Build.0 = Release|Any CPU
	EndGlobalSection
	GlobalSection(SolutionProperties) = preSolution
		HideSolutionNode = FALSE
	EndGlobalSection
	GlobalSection(ExtensibilityGlobals) = postSolution
		SolutionGuid = {ACF4AE90-25E9-4419-904F-2840215B4FBE}
	EndGlobalSection
EndGlobal
